
Microsoft Visual Studio Solution File, Format Version 12.00
# Visual Studio Version 16
VisualStudioVersion = 16.0.30611.23
MinimumVisualStudioVersion = 10.0.40219.1
Project("{9A19103F-16F7-4668-BE54-9A1E7A4F7556}") = "TokenParsing", "TokenParsing.csproj", "{8EB2AA08-9CEB-4E4A-BE6D-FA25B73214D8}"
EndProject
Project("{9A19103F-16F7-4668-BE54-9A1E7A4F7556}") = "TokenParsing_Tests", "..\TokenParsing_Tests\TokenParsing_Tests.csproj", "{63FF33F2-A1A7-4E27-883C-437B9A0FFE31}"
EndProject
Global
	GlobalSection(SolutionConfigurationPlatforms) = preSolution
		Debug|Any CPU = Debug|Any CPU
		Release|Any CPU = Release|Any CPU
	EndGlobalSection
	GlobalSection(ProjectConfigurationPlatforms) = postSolution
		{8EB2AA08-9CEB-4E4A-BE6D-FA25B73214D8}.Debug|Any CPU.ActiveCfg = Debug|Any CPU
		{8EB2AA08-9CEB-4E4A-BE6D-FA25B73214D8}.Debug|Any CPU.Build.0 = Debug|Any CPU
		{8EB2AA08-9CEB-4E4A-BE6D-FA25B73214D8}.Release|Any CPU.ActiveCfg = Release|Any CPU
		{8EB2AA08-9CEB-4E4A-BE6D-FA25B73214D8}.Release|Any CPU.Build.0 = Release|Any CPU
		{63FF33F2-A1A7-4E27-883C-437B9A0FFE31}.Debug|Any CPU.ActiveCfg = Debug|Any CPU
		{63FF33F2-A1A7-4E27-883C-437B9A0FFE31}.Debug|Any CPU.Build.0 = Debug|Any CPU
		{63FF33F2-A1A7-4E27-883C-437B9A0FFE31}.Release|Any CPU.ActiveCfg = Release|Any CPU
		{63FF33F2-A1A7-4E27-883C-437B9A0FFE31}.Release|Any CPU.Build.0 = Release|Any CPU
	EndGlobalSection
	GlobalSection(SolutionProperties) = preSolution
		HideSolutionNode = FALSE
	EndGlobalSection
	GlobalSection(ExtensibilityGlobals) = postSolution
		SolutionGuid = {CD7DC6E9-480B-4877-86AD-89DBD576F419}
	EndGlobalSection
EndGlobal
